github.com/binwiederhier/buse-go v0.0.0-20171001000303-9289eeeb8c7f/go.mod h1:LT1PPZZ/xW98ibFT1olG8UziTSJCFmnjQWo/zegotzE=
github.com/binwiederhier/buse-go v0.0.0-20190604150725-ed7b3191d407 h1:kgnolmg2GgrbDdESdAwm8E+nGPtSLqx9aOSeWdfammc=
github.com/binwiederhier/buse-go v0.0.0-20190604150725-ed7b3191d407/go.mod h1:LT1PPZZ/xW98ibFT1olG8UziTSJCFmnjQWo/zegotzE=
github.com/binwiederhier/buse-go v0.0.0-20190620221802-88a95178f4c4 h1:c5ufUfsSSuKX/xgnwhwRpy6HY+6PR4Pw2KG4LPuj3Bg=
github.com/binwiederhier/buse-go v0.0.0-20190620221802-88a95178f4c4/go.mod h1:LT1PPZZ/xW98ibFT1olG8UziTSJCFmnjQWo/zegotzE=
github.com/ceph/go-ceph v0.0.0-20181217221554-e32f9f0f2e94 h1:m3fyIqe28zGggNHc9hE2R3Zk/CJC3Lg8KFSNfXu8mpk=
github.com/ceph/go-ceph v0.0.0-20181217221554-e32f9f0f2e94/go.mod h1:DhWkbjUxN0QRc0xQvpI9QhzqQSzYysRuZVcqSfiStds=
github.com/golang/protobuf v1.3.1 h1:YF8+flBXS5eO826T4nzqPrxfhQThhXl0YzfuUPu4SBg=
github.com/golang/protobuf v1.3.1/go.mod h1:6lQm79b+lXiMfvg/cZm0SGofjICqVBUtrP5yJMmIC1U=
github.com/samalba/buse-go v0.0.0-20171001000303-9289eeeb8c7f h1:eozzYjlA/fkfxlxy23y5tR5gWYUMU6hfvxGgQCpHkAc=
github.com/samalba/buse-go v0.0.0-20171001000303-9289eeeb8c7f/go.mod h1:gyMrDJ6lnPFXJIZZJjcDL7kYsqR/hoSlKmk1FeOXBxo=
golang.org/x/crypto v0.0.0-20190308221718-c2843e01d9a2/go.mod h1:djNgcEr1/C05ACkg1iLfiJU5Ep61QUkGW8qpdssI0+w=
golang.org/x/crypto v0.0.0-20190426145343-a29dc8fdc734 h1:p/H982KKEjUnLJkM3tt/LemDnOc1GiZL5FCVlORJ5zo=
golang.org/x/crypto v0.0.0-20190426145343-a29dc8fdc734/go.mod h1:yigFU9vqHzYiE8UmvKecakEJjdnWj3jj499lnFckfCI=
golang.org/x/crypto v0.0.0-20190530122614-20be4c3c3ed5 h1:8dUaAV7K4uHsF56JQWkprecIQKdPHtR9jCHF5nB8uzc=
golang.org/x/crypto v0.0.0-20190530122614-20be4c3c3ed5/go.mod h1:yigFU9vqHzYiE8UmvKecakEJjdnWj3jj499lnFckfCI=
golang.org/x/net v0.0.0-20190311183353-d8887717615a/go.mod h1:t9HGtf8HONx5eT2rtn7q6eTqICYqUVnKs3thJo3Qplg=
golang.org/x/net v0.0.0-20190404232315-eb5bcb51f2a3/go.mod h1:t9HGtf8HONx5eT2rtn7q6eTqICYqUVnKs3thJo3Qplg=
golang.org/x/net v0.0.0-20190522155817-f3200d17e092/go.mod h1:HSz+uSET+XFnRR8LxR5pz3Of3rY3CfYBVs4xY44aLks=
golang.org/x/sync v0.0.0-20190423024810-112230192c58/go.mod h1:RxMgew5VJxzue5/jJTE5uejpjVlOe/izrB70Jof72aM=
golang.org/x/sys v0.0.0-20190215142949-d0b11bdaac8a/go.mod h1:STP8DvDyc/dI5b8T5hshtkjS+E42TnysNCUPdjciGhY=
golang.org/x/sys v0.0.0-20190412213103-97732733099d h1:+R4KGOnez64A81RvjARKc4UT5/tI9ujCIVX+P5KiHuI=
golang.org/x/sys v0.0.0-20190412213103-97732733099d/go.mod h1:h1NjWce9XRLGQEsW7wpKNCjG9DtNlClVuFLEZdDNbEs=
golang.org/x/sys v0.0.0-20190531175056-4c3a928424d2 h1:T5DasATyLQfmbTpfEXx/IOL9vfjzW6up+ZDkmHvIf2s=
golang.org/x/sys v0.0.0-20190531175056-4c3a928424d2/go.mod h1:h1NjWce9XRLGQEsW7wpKNCjG9DtNlClVuFLEZdDNbEs=
golang.org/x/text v0.3.0/go.mod h1:NqM8EUOU14njkJ3fqMW+pc6Ldnwhi/IjpwHt7yyuwOQ=
golang.org/x/text v0.3.2/go.mod h1:bEr9sfX3Q8Zfm5fL9x+3itogRgK3+ptLWKqgva+5dAk=
golang.org/x/tools v0.0.0-20180917221912-90fa682c2a6e/go.mod h1:n7NCudcB/nEzxVGmLbDWY5pfWTLqBcC2KZ6jyYvM4mQ=
golang.org/x/tools v0.0.0-20190601110225-0abef6e9ecb8/go.mod h1:/rFqwRUd4F7ZHNgwSSTFct+R/Kf4OFW1sUzUTQQTgfc=
